
Microsoft Visual Studio Solution File, Format Version 12.00
# Visual Studio Version 16
VisualStudioVersion = 16.0.29001.49
MinimumVisualStudioVersion = 10.0.40219.1
Project("{8BC9CEB8-8B4A-11D0-8D11-00A0C91BC942}") = "Generator", "Generator\Generator.vcxproj", "{EBCA4F51-1724-4496-ADE5-D6AF5AF1C68F}"
EndProject
Project("{8BC9CEB8-8B4A-11D0-8D11-00A0C91BC942}") = "KeyFinder", "KeyFinder\KeyFinder.vcxproj", "{1CD1A594-119E-494C-85CF-A002F3D47B3B}"
EndProject
Global
	GlobalSection(SolutionConfigurationPlatforms) = preSolution
		Debug|x64 = Debug|x64
		Debug|x86 = Debug|x86
		Release|x64 = Release|x64
		Release|x86 = Release|x86
	EndGlobalSection
	GlobalSection(ProjectConfigurationPlatforms) = postSolution
		{EBCA4F51-1724-4496-ADE5-D6AF5AF1C68F}.Debug|x64.ActiveCfg = Debug|x64
		{EBCA4F51-1724-4496-ADE5-D6AF5AF1C68F}.Debug|x64.Build.0 = Debug|x64
		{EBCA4F51-1724-4496-ADE5-D6AF5AF1C68F}.Debug|x86.ActiveCfg = Debug|Win32
		{EBCA4F51-1724-4496-ADE5-D6AF5AF1C68F}.Debug|x86.Build.0 = Debug|Win32
		{EBCA4F51-1724-4496-ADE5-D6AF5AF1C68F}.Release|x64.ActiveCfg = Release|x64
		{EBCA4F51-1724-4496-ADE5-D6AF5AF1C68F}.Release|x64.Build.0 = Release|x64
		{EBCA4F51-1724-4496-ADE5-D6AF5AF1C68F}.Release|x86.ActiveCfg = Release|Win32
		{EBCA4F51-1724-4496-ADE5-D6AF5AF1C68F}.Release|x86.Build.0 = Release|Win32
		{1CD1A594-119E-494C-85CF-A002F3D47B3B}.Debug|x64.ActiveCfg = Debug|x64
		{1CD1A594-119E-494C-85CF-A002F3D47B3B}.Debug|x64.Build.0 = Debug|x64
		{1CD1A594-119E-494C-85CF-A002F3D47B3B}.Debug|x86.ActiveCfg = Debug|Win32
		{1CD1A594-119E-494C-85CF-A002F3D47B3B}.Debug|x86.Build.0 = Debug|Win32
		{1CD1A594-119E-494C-85CF-A002F3D47B3B}.Release|x64.ActiveCfg = Release|x64
		{1CD1A594-119E-494C-85CF-A002F3D47B3B}.Release|x64.Build.0 = Release|x64
		{1CD1A594-119E-494C-85CF-A002F3D47B3B}.Release|x86.ActiveCfg = Release|Win32
		{1CD1A594-119E-494C-85CF-A002F3D47B3B}.Release|x86.Build.0 = Release|Win32
	EndGlobalSection
	GlobalSection(SolutionProperties) = preSolution
		HideSolutionNode = FALSE
	EndGlobalSection
	GlobalSection(ExtensibilityGlobals) = postSolution
		SolutionGuid = {C385BE6D-3849-438F-925A-108C32612AF4}
	EndGlobalSection
EndGlobal
